// !$*UTF8*$!
{
	archiveVersion = 1;
	classes = {
	};
	objectVersion = 46;
	objects = {

/* Begin PBXBuildFile section */
		5EE48B43200D354600F7FF79 /* AppDelegate.swift in Sources */ = {isa = PBXBuildFile; fileRef = 5EE48B42200D354600F7FF79 /* AppDelegate.swift */; };
		5EE48B45200D354600F7FF79 /* ViewController.swift in Sources */ = {isa = PBXBuildFile; fileRef = 5EE48B44200D354600F7FF79 /* ViewController.swift */; };
		5EE48B48200D354600F7FF79 /* Main.storyboard in Resources */ = {isa = PBXBuildFile; fileRef = 5EE48B46200D354600F7FF79 /* Main.storyboard */; };
		5EE48B4A200D354600F7FF79 /* Assets.xcassets in Resources */ = {isa = PBXBuildFile; fileRef = 5EE48B49200D354600F7FF79 /* Assets.xcassets */; };
		5EE48B4D200D354600F7FF79 /* LaunchScreen.storyboard in Resources */ = {isa = PBXBuildFile; fileRef = 5EE48B4B200D354600F7FF79 /* LaunchScreen.storyboard */; };
/* End PBXBuildFile section */

/* Begin PBXFileReference section */
		5EE48B3F200D354600F7FF79 /* dailydoseMaster1.app */ = {isa = PBXFileReference; explicitFileType = wrapper.application; includeInIndex = 0; path = dailydoseMaster1.app; sourceTree = BUILT_PRODUCTS_DIR; };
		5EE48B42200D354600F7FF79 /* AppDelegate.swift */ = {isa = PBXFileReference; lastKnownFileType = sourcecode.swift; path = AppDelegate.swift; sourceTree = "<group>"; };
		5EE48B44200D354600F7FF79 /* ViewController.swift */ = {isa = PBXFileReference; lastKnownFileType = sourcecode.swift; path = ViewController.swift; sourceTree = "<group>"; };
		5EE48B47200D354600F7FF79 /* Base */ = {isa = PBXFileReference; lastKnownFileType = file.storyboard; name = Base; path = Base.lproj/Main.storyboard; sourceTree = "<group>"; };
		5EE48B49200D354600F7FF79 /* Assets.xcassets */ = {isa = PBXFileReference; lastKnownFileType = folder.assetcatalog; path = Assets.xcassets; sourceTree = "<group>"; };
		5EE48B4C200D354600F7FF79 /* Base */ = {isa = PBXFileReference; lastKnownFileType = file.storyboard; name = Base; path = Base.lproj/LaunchScreen.storyboard; sourceTree = "<group>"; };
		5EE48B4E200D354600F7FF79 /* Info.plist */ = {isa = PBXFileReference; lastKnownFileType = text.plist.xml; path = Info.plist; sourceTree = "<group>"; };
/* End PBXFileReference section */

/* Begin PBXFrameworksBuildPhase section */
		5EE48B3C200D354500F7FF79 /* Frameworks */ = {
			isa = PBXFrameworksBuildPhase;
			buildActionMask = 2147483647;
			files = (
			);
			runOnlyForDeploymentPostprocessing = 0;
		};
/* End PBXFrameworksBuildPhase section */

/* Begin PBXGroup section */
		5EE48B36200D354500F7FF79 = {
			isa = PBXGroup;
			children = (
				5EE48B41200D354600F7FF79 /* dailydoseMaster1 */,
				5EE48B40200D354600F7FF79 /* Products */,
			);
			sourceTree = "<group>";
		};
		5EE48B40200D354600F7FF79 /* Products */ = {
			isa = PBXGroup;
			children = (
				5EE48B3F200D354600F7FF79 /* dailydoseMaster1.app */,
			);
			name = Products;
			sourceTree = "<group>";
		};
		5EE48B41200D354600F7FF79 /* dailydoseMaster1 */ = {
			isa = PBXGroup;
			children = (
				5EE48B42200D354600F7FF79 /* AppDelegate.swift */,
				5EE48B44200D354600F7FF79 /* ViewController.swift */,
				5EE48B46200D354600F7FF79 /* Main.storyboard */,
				5EE48B49200D354600F7FF79 /* Assets.xcassets */,
				5EE48B4B200D354600F7FF79 /* LaunchScreen.storyboard */,
				5EE48B4E200D354600F7FF79 /* Info.plist */,
			);
			path = dailydoseMaster1;
			sourceTree = "<group>";
		};
/* End PBXGroup section */

/* Begin PBXNativeTarget section */
		5EE48B3E200D354500F7FF79 /* dailydoseMaster1 */ = {
			isa = PBXNativeTarget;
			buildConfigurationList = 5EE48B51200D354600F7FF79 /* Build configuration list for PBXNativeTarget "dailydoseMaster1" */;
			buildPhases = (
				5EE48B3B200D354500F7FF79 /* Sources */,
				5EE48B3C200D354500F7FF79 /* Frameworks */,
				5EE48B3D200D354500F7FF79 /* Resources */,
			);
			buildRules = (
			);
			dependencies = (
			);
			name = dailydoseMaster1;
			productName = dailydoseMaster1;
			productReference = 5EE48B3F200D354600F7FF79 /* dailydoseMaster1.app */;
			productType = "com.apple.product-type.application";
		};
/* End PBXNativeTarget section */

/* Begin PBXProject section */
		5EE48B37200D354500F7FF79 /* Project object */ = {
			isa = PBXProject;
			attributes = {
				LastSwiftUpdateCheck = 0830;
				LastUpgradeCheck = 0830;
				ORGANIZATIONNAME = "Marcella Maria Da Silva";
				TargetAttributes = {
					5EE48B3E200D354500F7FF79 = {
						CreatedOnToolsVersion = 8.3.3;
						DevelopmentTeam = MPEP29EG69;
						ProvisioningStyle = Automatic;
					};
				};
			};
			buildConfigurationList = 5EE48B3A200D354500F7FF79 /* Build configuration list for PBXProject "dailydoseMaster1" */;
			compatibilityVersion = "Xcode 3.2";
			developmentRegion = English;
			hasScannedForEncodings = 0;
			knownRegions = (
				en,
				Base,
			);
			mainGroup = 5EE48B36200D354500F7FF79;
			productRefGroup = 5EE48B40200D354600F7FF79 /* Products */;
			projectDirPath = "";
			projectRoot = "";
			targets = (
				5EE48B3E200D354500F7FF79 /* dailydoseMaster1 */,
			);
		};
/* End PBXProject section */

/* Begin PBXResourcesBuildPhase section */
		5EE48B3D200D354500F7FF79 /* Resources */ = {
			isa = PBXResourcesBuildPhase;
			buildActionMask = 2147483647;
			files = (
				5EE48B4D200D354600F7FF79 /* LaunchScreen.storyboard in Resources */,
				5EE48B4A200D354600F7FF79 /* Assets.xcassets in Resources */,
				5EE48B48200D354600F7FF79 /* Main.storyboard in Resources */,
			);
			runOnlyForDeploymentPostprocessing = 0;
		};
/* End PBXResourcesBuildPhase section */

/* Begin PBXSourcesBuildPhase section */
		5EE48B3B200D354500F7FF79 /* Sources */ = {
			isa = PBXSourcesBuildPhase;
			buildActionMask = 2147483647;
			files = (
				5EE48B45200D354600F7FF79 /* ViewController.swift in Sources */,
				5EE48B43200D354600F7FF79 /* AppDelegate.swift in Sources */,
			);
			runOnlyForDeploymentPostprocessing = 0;
		};
/* End PBXSourcesBuildPhase section */

/* Begin PBXVariantGroup section */
		5EE48B46200D354600F7FF79 /* Main.storyboard */ = {
			isa = PBXVariantGroup;
			children = (
				5EE48B47200D354600F7FF79 /* Base */,
			);
			name = Main.storyboard;
			sourceTree = "<group>";
		};
		5EE48B4B200D354600F7FF79 /* LaunchScreen.storyboard */ = {
			isa = PBXVariantGroup;
			children = (
				5EE48B4C200D354600F7FF79 /* Base */,
			);
			name = LaunchScreen.storyboard;
			sourceTree = "<group>";
		};
/* End PBXVariantGroup section */

/* Begin XCBuildConfiguration section */
		5EE48B4F200D354600F7FF79 /* Debug */ = {
			isa = XCBuildConfiguration;
			buildSettings = {
				ALWAYS_SEARCH_USER_PATHS = NO;
				CLANG_ANALYZER_NONNULL = YES;
				CLANG_ANALYZER_NUMBER_OBJECT_CONVERSION = YES_AGGRESSIVE;
				CLANG_CXX_LANGUAGE_STANDARD = "gnu++0x";
				CLANG_CXX_LIBRARY = "libc++";
				CLANG_ENABLE_MODULES = YES;
				CLANG_ENABLE_OBJC_ARC = YES;
				CLANG_WARN_BOOL_CONVERSION = YES;
				CLANG_WARN_CONSTANT_CONVERSION = YES;
				CLANG_WARN_DIRECT_OBJC_ISA_USAGE = YES_ERROR;
				CLANG_WARN_DOCUMENTATION_COMMENTS = YES;
				CLANG_WARN_EMPTY_BODY = YES;
				CLANG_WARN_ENUM_CONVERSION = YES;
				CLANG_WARN_INFINITE_RECURSION = YES;
				CLANG_WARN_INT_CONVERSION = YES;
				CLANG_WARN_OBJC_ROOT_CLASS = YES_ERROR;
				CLANG_WARN_SUSPICIOUS_MOVE = YES;
				CLANG_WARN_UNREACHABLE_CODE = YES;
				CLANG_WARN__DUPLICATE_METHOD_MATCH = YES;
				"CODE_SIGN_IDENTITY[sdk=iphoneos*]" = "iPhone Developer";
				COPY_PHASE_STRIP = NO;
				DEBUG_INFORMATION_FORMAT = dwarf;
				ENABLE_STRICT_OBJC_MSGSEND = YES;
				ENABLE_TESTABILITY = YES;
				GCC_C_LANGUAGE_STANDARD = gnu99;
				GCC_DYNAMIC_NO_PIC = NO;
				GCC_NO_COMMON_BLOCKS = YES;
				GCC_OPTIMIZATION_LEVEL = 0;
				GCC_PREPROCESSOR_DEFINITIONS = (
					"DEBUG=1",
					"$(inherited)",
				);
				GCC_WARN_64_TO_32_BIT_CONVERSION = YES;
				GCC_WARN_ABOUT_RETURN_TYPE = YES_ERROR;
				GCC_WARN_UNDECLARED_SELECTOR = YES;
				GCC_WARN_UNINITIALIZED_AUTOS = YES_AGGRESSIVE;
				GCC_WARN_UNUSED_FUNCTION = YES;
				GCC_WARN_UNUSED_VARIABLE = YES;
				IPHONEOS_DEPLOYMENT_TARGET = 10.3;
				MTL_ENABLE_DEBUG_INFO = YES;
				ONLY_ACTIVE_ARCH = YES;
				SDKROOT = iphoneos;
				SWIFT_ACTIVE_COMPILATION_CONDITIONS = DEBUG;
				SWIFT_OPTIMIZATION_LEVEL = "-Onone";
			};
			name = Debug;
		};
		5EE48B50200D354600F7FF79 /* Release */ = {
			isa = XCBuildConfiguration;
			buildSettings = {
				ALWAYS_SEARCH_USER_PATHS = NO;
				CLANG_ANALYZER_NONNULL = YES;
				CLANG_ANALYZER_NUMBER_OBJECT_CONVERSION = YES_AGGRESSIVE;
				CLANG_CXX_LANGUAGE_STANDARD = "gnu++0x";
				CLANG_CXX_LIBRARY = "libc++";
				CLANG_ENABLE_MODULES = YES;
				CLANG_ENABLE_OBJC_ARC = YES;
				CLANG_WARN_BOOL_CONVERSION = YES;
				CLANG_WARN_CONSTANT_CONVERSION = YES;
				CLANG_WARN_DIRECT_OBJC_ISA_USAGE = YES_ERROR;
				CLANG_WARN_DOCUMENTATION_COMMENTS = YES;
				CLANG_WARN_EMPTY_BODY = YES;
				CLANG_WARN_ENUM_CONVERSION = YES;
				CLANG_WARN_INFINITE_RECURSION = YES;
				CLANG_WARN_INT_CONVERSION = YES;
				CLANG_WARN_OBJC_ROOT_CLASS = YES_ERROR;
				CLANG_WARN_SUSPICIOUS_MOVE = YES;
				CLANG_WARN_UNREACHABLE_CODE = YES;
				CLANG_WARN__DUPLICATE_METHOD_MATCH = YES;
				"CODE_SIGN_IDENTITY[sdk=iphoneos*]" = "iPhone Developer";
				COPY_PHASE_STRIP = NO;
				DEBUG_INFORMATION_FORMAT = "dwarf-with-dsym";
				ENABLE_NS_ASSERTIONS = NO;
				ENABLE_STRICT_OBJC_MSGSEND = YES;
				GCC_C_LANGUAGE_STANDARD = gnu99;
				GCC_NO_COMMON_BLOCKS = YES;
				GCC_WARN_64_TO_32_BIT_CONVERSION = YES;
				GCC_WARN_ABOUT_RETURN_TYPE = YES_ERROR;
				GCC_WARN_UNDECLARED_SELECTOR = YES;
				GCC_WARN_UNINITIALIZED_AUTOS = YES_AGGRESSIVE;
				GCC_WARN_UNUSED_FUNCTION = YES;
				GCC_WARN_UNUSED_VARIABLE = YES;
				IPHONEOS_DEPLOYMENT_TARGET = 10.3;
				MTL_ENABLE_DEBUG_INFO = NO;
				SDKROOT = iphoneos;
				SWIFT_OPTIMIZATION_LEVEL = "-Owholemodule";
				VALIDATE_PRODUCT = YES;
			};
			name = Release;
		};
		5EE48B52200D354600F7FF79 /* Debug */ = {
			isa = XCBuildConfiguration;
			buildSettings = {
				ASSETCATALOG_COMPILER_APPICON_NAME = AppIcon;
				DEVELOPMENT_TEAM = MPEP29EG69;
				INFOPLIST_FILE = dailydoseMaster1/Info.plist;
				LD_RUNPATH_SEARCH_PATHS = "$(inherited) @executable_path/Frameworks";
				PRODUCT_BUNDLE_IDENTIFIER = com.MarcellaMariaDaSilva.dailydoseMaster1;
				PRODUCT_NAME = "$(TARGET_NAME)";
				SWIFT_VERSION = 3.0;
			};
			name = Debug;
		};
		5EE48B53200D354600F7FF79 /* Release */ = {
			isa = XCBuildConfiguration;
			buildSettings = {
				ASSETCATALOG_COMPILER_APPICON_NAME = AppIcon;
				DEVELOPMENT_TEAM = MPEP29EG69;
				INFOPLIST_FILE = dailydoseMaster1/Info.plist;
				LD_RUNPATH_SEARCH_PATHS = "$(inherited) @executable_path/Frameworks";
				PRODUCT_BUNDLE_IDENTIFIER = com.MarcellaMariaDaSilva.dailydoseMaster1;
				PRODUCT_NAME = "$(TARGET_NAME)";
				SWIFT_VERSION = 3.0;
			};
			name = Release;
		};
/* End XCBuildConfiguration section */

/* Begin XCConfigurationList section */
		5EE48B3A200D354500F7FF79 /* Build configuration list for PBXProject "dailydoseMaster1" */ = {
			isa = XCConfigurationList;
			buildConfigurations = (
				5EE48B4F200D354600F7FF79 /* Debug */,
				5EE48B50200D354600F7FF79 /* Release */,
			);
			defaultConfigurationIsVisible = 0;
			defaultConfigurationName = Release;
		};
		5EE48B51200D354600F7FF79 /* Build configuration list for PBXNativeTarget "dailydoseMaster1" */ = {
			isa = XCConfigurationList;
			buildConfigurations = (
				5EE48B52200D354600F7FF79 /* Debug */,
				5EE48B53200D354600F7FF79 /* Release */,
			);
			defaultConfigurationIsVisible = 0;
		};
/* End XCConfigurationList section */
	};
	rootObject = 5EE48B37200D354500F7FF79 /* Project object */;
}
